<?xml version="1.0" encoding="utf-8"?>
<Project ToolsVersion="4.0" xmlns="http://schemas.microsoft.com/developer/msbuild/2003">
  <ItemGroup>
    <Filter Include="build">
      <UniqueIdentifier>{b98ae0a7-68ac-4820-8058-322c408645d9}</UniqueIdentifier>
    </Filter>
    <Filter Include="libs">
      <UniqueIdentifier>{c9ef1464-5305-434c-8b8a-e75277b516a7}</UniqueIdentifier>
    </Filter>
    <Filter Include="Source">
      <UniqueIdentifier>{f09c20c5-7574-4c07-ab93-bc18f1e95394}</UniqueIdentifier>
    </Filter>
    <Filter Include="banks">
      <UniqueIdentifier>{325a9af1-60fd-4b8c-a403-ad6032bafcc8}</UniqueIdentifier>
    </Filter>
    <Filter Include="Source\exported">
      <UniqueIdentifier>{2e3875a6-5ecb-42fe-bf60-711521de2b10}</UniqueIdentifier>
    </Filter>
    <Filter Include="Source\exported\animations">
      <UniqueIdentifier>{8249f127-72bc-4687-825b-83cec7a92ed9}</UniqueIdentifier>
    </Filter>
    <Filter Include="Source\exported\palettes">
      <UniqueIdentifier>{cf0cf337-1df9-4f19-b0fd-995ac76d4871}</UniqueIdentifier>
    </Filter>
    <Filter Include="libs\source">
      <UniqueIdentifier>{a8b119f6-808e-47a5-8a10-683d34f6e545}</UniqueIdentifier>
    </Filter>
    <Filter Include="libs\source\smslib">
      <UniqueIdentifier>{7bd54e0e-4da8-4b50-ac01-6dce0006b14a}</UniqueIdentifier>
    </Filter>
    <Filter Include="libs\source\gslib">
      <UniqueIdentifier>{626a6d02-00d8-47b1-ae2a-826014b07d50}</UniqueIdentifier>
    </Filter>
  </ItemGroup>
  <ItemGroup>
    <None Include="..\build\Makefile">
      <Filter>build</Filter>
    </None>
    <None Include="..\build\rebuild.bat">
      <Filter>build</Filter>
    </None>
    <None Include="..\build\build.bat">
      <Filter>build</Filter>
    </None>
    <None Include="..\build\clean.bat">
      <Filter>build</Filter>
    </None>
    <None Include="..\build\deploy.bat">
      <Filter>build</Filter>
    </None>
    <None Include="..\build\build_assets_helper.bat">
      <Filter>build</Filter>
    </None>
  </ItemGroup>
  <ItemGroup>
    <ClInclude Include="..\lib\PSGlib.h">
      <Filter>libs</Filter>
    </ClInclude>
    <ClInclude Include="..\lib\SMSlib.h">
      <Filter>libs</Filter>
    </ClInclude>
    <ClInclude Include="..\source\GSLib.h">
      <Filter>Source</Filter>
    </ClInclude>
    <ClInclude Include="..\source\resources.h">
      <Filter>Source</Filter>
    </ClInclude>
    <ClInclude Include="..\source\metatiles_lookup.h">
      <Filter>Source</Filter>
    </ClInclude>
    <ClInclude Include="..\source\base_types.h">
      <Filter>Source</Filter>
    </ClInclude>
    <ClInclude Include="..\source\base_defines.h">
      <Filter>Source</Filter>
    </ClInclude>
    <ClInclude Include="..\assets\banks\bank2.h">
      <Filter>banks</Filter>
    </ClInclude>
    <ClInclude Include="..\source\exported\animations\car001.h">
      <Filter>Source\exported\animations</Filter>
    </ClInclude>
    <ClInclude Include="..\source\animation_types.h">
      <Filter>Source</Filter>
    </ClInclude>
    <ClInclude Include="..\source\resource_types.h">
      <Filter>Source</Filter>
    </ClInclude>
    <ClInclude Include="..\source\draw_utils.h">
      <Filter>Source</Filter>
    </ClInclude>
    <ClInclude Include="..\source\animation_utils.h">
      <Filter>Source</Filter>
    </ClInclude>
    <ClInclude Include="..\source\palette_types.h">
      <Filter>Source</Filter>
    </ClInclude>
    <ClInclude Include="..\source\exported\palettes\spritePalette.h">
      <Filter>Source\exported\palettes</Filter>
    </ClInclude>
    <ClInclude Include="..\..\..\devkitSMS-master\SMSlib\src\SMSlib.h">
      <Filter>libs\source\smslib</Filter>
    </ClInclude>
    <ClInclude Include="..\..\..\GSLib\c\GSLib.h">
      <Filter>libs\source\gslib</Filter>
    </ClInclude>
  </ItemGroup>
  <ItemGroup>
    <Library Include="..\lib\PSGlib.lib">
      <Filter>libs</Filter>
    </Library>
    <Library Include="..\lib\SMSlib.lib">
      <Filter>libs</Filter>
    </Library>
  </ItemGroup>
  <ItemGroup>
    <ClCompile Include="..\source\GSLib.c">
      <Filter>Source</Filter>
    </ClCompile>
    <ClCompile Include="..\source\main.c">
      <Filter>Source</Filter>
    </ClCompile>
    <ClCompile Include="..\source\resources.c">
      <Filter>Source</Filter>
    </ClCompile>
    <ClCompile Include="..\source\metatiles_lookup.c">
      <Filter>Source</Filter>
    </ClCompile>
    <ClCompile Include="..\source\exported\animations\car001.c">
      <Filter>Source\exported\animations</Filter>
    </ClCompile>
    <ClCompile Include="..\source\animation_utils.c">
      <Filter>Source</Filter>
    </ClCompile>
    <ClCompile Include="..\source\draw_utils.c">
      <Filter>Source</Filter>
    </ClCompile>
    <ClCompile Include="..\source\exported\palettes\spritePalette.c">
      <Filter>Source\exported\palettes</Filter>
    </ClCompile>
    <ClCompile Include="..\..\..\devkitSMS-master\SMSlib\src\SMSlib.c">
      <Filter>libs\source\smslib</Filter>
    </ClCompile>
    <ClCompile Include="..\..\..\devkitSMS-master\SMSlib\src\SMSlib_aPLib.c">
      <Filter>libs\source\smslib</Filter>
    </ClCompile>
    <ClCompile Include="..\..\..\devkitSMS-master\SMSlib\src\SMSlib_autotext.c">
      <Filter>libs\source\smslib</Filter>
    </ClCompile>
    <ClCompile Include="..\..\..\devkitSMS-master\SMSlib\src\SMSlib_common.c">
      <Filter>libs\source\smslib</Filter>
    </ClCompile>
    <ClCompile Include="..\..\..\devkitSMS-master\SMSlib\src\SMSlib_debug.c">
      <Filter>libs\source\smslib</Filter>
    </ClCompile>
    <ClCompile Include="..\..\..\devkitSMS-master\SMSlib\src\SMSlib_deprecated.c">
      <Filter>libs\source\smslib</Filter>
    </ClCompile>
    <ClCompile Include="..\..\..\devkitSMS-master\SMSlib\src\SMSlib_foursprites.c">
      <Filter>libs\source\smslib</Filter>
    </ClCompile>
    <ClCompile Include="..\..\..\devkitSMS-master\SMSlib\src\SMSlib_getTile.c">
      <Filter>libs\source\smslib</Filter>
    </ClCompile>
    <ClCompile Include="..\..\..\devkitSMS-master\SMSlib\src\SMSlib_load1bppTiles.c">
      <Filter>libs\source\smslib</Filter>
    </ClCompile>
    <ClCompile Include="..\..\..\devkitSMS-master\SMSlib\src\SMSlib_loadTileMapArea.c">
      <Filter>libs\source\smslib</Filter>
    </ClCompile>
    <ClCompile Include="..\..\..\devkitSMS-master\SMSlib\src\SMSlib_loadTileMapColumn.c">
      <Filter>libs\source\smslib</Filter>
    </ClCompile>
    <ClCompile Include="..\..\..\devkitSMS-master\SMSlib\src\SMSlib_metasprite.c">
      <Filter>libs\source\smslib</Filter>
    </ClCompile>
    <ClCompile Include="..\..\..\devkitSMS-master\SMSlib\src\SMSlib_paddle.c">
      <Filter>libs\source\smslib</Filter>
    </ClCompile>
    <ClCompile Include="..\..\..\devkitSMS-master\SMSlib\src\SMSlib_paletteAdd.c">
      <Filter>libs\source\smslib</Filter>
    </ClCompile>
    <ClCompile Include="..\..\..\devkitSMS-master\SMSlib\src\SMSlib_paletteAdv.c">
      <Filter>libs\source\smslib</Filter>
    </ClCompile>
    <ClCompile Include="..\..\..\devkitSMS-master\SMSlib\src\SMSlib_paletteSub.c">
      <Filter>libs\source\smslib</Filter>
    </ClCompile>
    <ClCompile Include="..\..\..\devkitSMS-master\SMSlib\src\SMSlib_paletteZero.c">
      <Filter>libs\source\smslib</Filter>
    </ClCompile>
    <ClCompile Include="..\..\..\devkitSMS-master\SMSlib\src\SMSlib_PSGaiden.c">
      <Filter>libs\source\smslib</Filter>
    </ClCompile>
    <ClCompile Include="..\..\..\devkitSMS-master\SMSlib\src\SMSlib_readVRAM.c">
      <Filter>libs\source\smslib</Filter>
    </ClCompile>
    <ClCompile Include="..\..\..\devkitSMS-master\SMSlib\src\SMSlib_sprite.c">
      <Filter>libs\source\smslib</Filter>
    </ClCompile>
    <ClCompile Include="..\..\..\devkitSMS-master\SMSlib\src\SMSlib_spriteAdv.c">
      <Filter>libs\source\smslib</Filter>
    </ClCompile>
    <ClCompile Include="..\..\..\devkitSMS-master\SMSlib\src\SMSlib_spriteClip.c">
      <Filter>libs\source\smslib</Filter>
    </ClCompile>
    <ClCompile Include="..\..\..\devkitSMS-master\SMSlib\src\SMSlib_STC0comp.c">
      <Filter>libs\source\smslib</Filter>
    </ClCompile>
    <ClCompile Include="..\..\..\devkitSMS-master\SMSlib\src\SMSlib_STC4comp.c">
      <Filter>libs\source\smslib</Filter>
    </ClCompile>
    <ClCompile Include="..\..\..\devkitSMS-master\SMSlib\src\SMSlib_STMcomp.c">
      <Filter>libs\source\smslib</Filter>
    </ClCompile>
    <ClCompile Include="..\..\..\devkitSMS-master\SMSlib\src\SMSlib_string.c">
      <Filter>libs\source\smslib</Filter>
    </ClCompile>
    <ClCompile Include="..\..\..\devkitSMS-master\SMSlib\src\SMSlib_textrenderer.c">
      <Filter>libs\source\smslib</Filter>
    </ClCompile>
    <ClCompile Include="..\..\..\devkitSMS-master\SMSlib\src\SMSlib_threesprites.c">
      <Filter>libs\source\smslib</Filter>
    </ClCompile>
    <ClCompile Include="..\..\..\devkitSMS-master\SMSlib\src\SMSlib_twosprites.c">
      <Filter>libs\source\smslib</Filter>
    </ClCompile>
    <ClCompile Include="..\..\..\devkitSMS-master\SMSlib\src\SMSlib_UNSAFE.c">
      <Filter>libs\source\smslib</Filter>
    </ClCompile>
    <ClCompile Include="..\..\..\devkitSMS-master\SMSlib\src\SMSlib_UNSAFE_aPLib.c">
      <Filter>libs\source\smslib</Filter>
    </ClCompile>
    <ClCompile Include="..\..\..\devkitSMS-master\SMSlib\src\SMSlib_UNSAFE_memcpy.c">
      <Filter>libs\source\smslib</Filter>
    </ClCompile>
    <ClCompile Include="..\..\..\devkitSMS-master\SMSlib\src\SMSlib_UNSAFE_SAT.c">
      <Filter>libs\source\smslib</Filter>
    </ClCompile>
    <ClCompile Include="..\..\..\devkitSMS-master\SMSlib\src\SMSlib_VRAMmemcpy.c">
      <Filter>libs\source\smslib</Filter>
    </ClCompile>
    <ClCompile Include="..\..\..\devkitSMS-master\SMSlib\src\SMSlib_VRAMmemcpy_brief.c">
      <Filter>libs\source\smslib</Filter>
    </ClCompile>
    <ClCompile Include="..\..\..\devkitSMS-master\SMSlib\src\SMSlib_VRAMmemset.c">
      <Filter>libs\source\smslib</Filter>
    </ClCompile>
    <ClCompile Include="..\..\..\devkitSMS-master\SMSlib\src\SMSlib_zx7.c">
      <Filter>libs\source\smslib</Filter>
    </ClCompile>
    <ClCompile Include="..\..\..\devkitSMS-master\SMSlib\src\SMSlib_zx7_VRAM.c">
      <Filter>libs\source\smslib</Filter>
    </ClCompile>
    <ClCompile Include="..\..\..\GSLib\c\GSLib.c">
      <Filter>libs\source\gslib</Filter>
    </ClCompile>
  </ItemGroup>
</Project>